
Microsoft Visual Studio Solution File, Format Version 12.00
# Visual Studio Version 17
VisualStudioVersion = 17.14.37216.2 d17.14
MinimumVisualStudioVersion = 10.0.40219.1
Project("{FAE04EC0-301F-11D3-BF4B-00C04F79EFBC}") = "HirePath", "HirePath\HirePath.csproj", "{C11B2AC5-E292-4DFB-93A0-92939EDF4B34}"
EndProject
Global
	GlobalSection(SolutionConfigurationPlatforms) = preSolution
		Debug|Any CPU = Debug|Any CPU
		Release|Any CPU = Release|Any CPU
	EndGlobalSection
	GlobalSection(ProjectConfigurationPlatforms) = postSolution
		{C11B2AC5-E292-4DFB-93A0-92939EDF4B34}.Debug|Any CPU.ActiveCfg = Debug|Any CPU
		{C11B2AC5-E292-4DFB-93A0-92939EDF4B34}.Debug|Any CPU.Build.0 = Debug|Any CPU
		{C11B2AC5-E292-4DFB-93A0-92939EDF4B34}.Release|Any CPU.ActiveCfg = Release|Any CPU
		{C11B2AC5-E292-4DFB-93A0-92939EDF4B34}.Release|Any CPU.Build.0 = Release|Any CPU
	EndGlobalSection
	GlobalSection(SolutionProperties) = preSolution
		HideSolutionNode = FALSE
	EndGlobalSection
	GlobalSection(ExtensibilityGlobals) = postSolution
		SolutionGuid = {2C8DF3C2-0C8C-4063-97BC-9E1C13ABD2DD}
	EndGlobalSection
EndGlobal
